
Microsoft Visual Studio Solution File, Format Version 12.00
# Visual Studio 14
VisualStudioVersion = 14.0.25420.1
MinimumVisualStudioVersion = 10.0.40219.1
Project("{FAE04EC0-301F-11D3-BF4B-00C04F79EFBC}") = "ErrorLogger_Amrit", "ErrorLogger_Amrit\ErrorLogger_Amrit.csproj", "{208D72CA-14A7-4546-BE35-93B4E4ADEE59}"
EndProject
Project("{FAE04EC0-301F-11D3-BF4B-00C04F79EFBC}") = "LoaderAndLogic", "LoaderAndLogic\LoaderAndLogic.csproj", "{19E43220-11E4-4CA8-8B36-63C64F8BC90B}"
EndProject
Project("{FAE04EC0-301F-11D3-BF4B-00C04F79EFBC}") = "DatabaseEntityModel", "DatabaseEntityModel\DatabaseEntityModel.csproj", "{889CD811-C6EE-4E31-A91E-0044BE2F2530}"
EndProject
Project("{FAE04EC0-301F-11D3-BF4B-00C04F79EFBC}") = "LoggerRESTService", "LoggerRESTService\LoggerRESTService.csproj", "{A66837AB-0DC7-469F-A3F8-667454C6FBF5}"
EndProject
Project("{FAE04EC0-301F-11D3-BF4B-00C04F79EFBC}") = "Common", "Common\Common.csproj", "{F81A502D-7E3B-457C-9F29-1265E7A7ADA5}"
EndProject
Project("{FAE04EC0-301F-11D3-BF4B-00C04F79EFBC}") = "LoggerDLLLibrary", "LoggerDLLLibrary\LoggerDLLLibrary.csproj", "{3A1BF2CF-55D3-4A15-B6CC-AA2006BE1EC2}"
EndProject
Project("{FAE04EC0-301F-11D3-BF4B-00C04F79EFBC}") = "TestHarness", "TestHarness\TestHarness.csproj", "{6F514002-659A-4E90-A131-3DC827D5C94E}"
EndProject
Project("{FAE04EC0-301F-11D3-BF4B-00C04F79EFBC}") = "SampleLogger", "SampleLogger\SampleLogger.csproj", "{45008F2E-7C95-488B-BECB-20E94D1FF821}"
EndProject
Global
	GlobalSection(SolutionConfigurationPlatforms) = preSolution
		Debug|Any CPU = Debug|Any CPU
		Debug|x64 = Debug|x64
		Debug|x86 = Debug|x86
		Release|Any CPU = Release|Any CPU
		Release|x64 = Release|x64
		Release|x86 = Release|x86
	EndGlobalSection
	GlobalSection(ProjectConfigurationPlatforms) = postSolution
		{208D72CA-14A7-4546-BE35-93B4E4ADEE59}.Debug|Any CPU.ActiveCfg = Debug|Any CPU
		{208D72CA-14A7-4546-BE35-93B4E4ADEE59}.Debug|Any CPU.Build.0 = Debug|Any CPU
		{208D72CA-14A7-4546-BE35-93B4E4ADEE59}.Debug|x64.ActiveCfg = Debug|Any CPU
		{208D72CA-14A7-4546-BE35-93B4E4ADEE59}.Debug|x64.Build.0 = Debug|Any CPU
		{208D72CA-14A7-4546-BE35-93B4E4ADEE59}.Debug|x86.ActiveCfg = Debug|Any CPU
		{208D72CA-14A7-4546-BE35-93B4E4ADEE59}.Debug|x86.Build.0 = Debug|Any CPU
		{208D72CA-14A7-4546-BE35-93B4E4ADEE59}.Release|Any CPU.ActiveCfg = Release|Any CPU
		{208D72CA-14A7-4546-BE35-93B4E4ADEE59}.Release|Any CPU.Build.0 = Release|Any CPU
		{208D72CA-14A7-4546-BE35-93B4E4ADEE59}.Release|x64.ActiveCfg = Release|Any CPU
		{208D72CA-14A7-4546-BE35-93B4E4ADEE59}.Release|x64.Build.0 = Release|Any CPU
		{208D72CA-14A7-4546-BE35-93B4E4ADEE59}.Release|x86.ActiveCfg = Release|Any CPU
		{208D72CA-14A7-4546-BE35-93B4E4ADEE59}.Release|x86.Build.0 = Release|Any CPU
		{19E43220-11E4-4CA8-8B36-63C64F8BC90B}.Debug|Any CPU.ActiveCfg = Debug|Any CPU
		{19E43220-11E4-4CA8-8B36-63C64F8BC90B}.Debug|Any CPU.Build.0 = Debug|Any CPU
		{19E43220-11E4-4CA8-8B36-63C64F8BC90B}.Debug|x64.ActiveCfg = Debug|Any CPU
		{19E43220-11E4-4CA8-8B36-63C64F8BC90B}.Debug|x64.Build.0 = Debug|Any CPU
		{19E43220-11E4-4CA8-8B36-63C64F8BC90B}.Debug|x86.ActiveCfg = Debug|Any CPU
		{19E43220-11E4-4CA8-8B36-63C64F8BC90B}.Debug|x86.Build.0 = Debug|Any CPU
		{19E43220-11E4-4CA8-8B36-63C64F8BC90B}.Release|Any CPU.ActiveCfg = Release|Any CPU
		{19E43220-11E4-4CA8-8B36-63C64F8BC90B}.Release|Any CPU.Build.0 = Release|Any CPU
		{19E43220-11E4-4CA8-8B36-63C64F8BC90B}.Release|x64.ActiveCfg = Release|Any CPU
		{19E43220-11E4-4CA8-8B36-63C64F8BC90B}.Release|x64.Build.0 = Release|Any CPU
		{19E43220-11E4-4CA8-8B36-63C64F8BC90B}.Release|x86.ActiveCfg = Release|Any CPU
		{19E43220-11E4-4CA8-8B36-63C64F8BC90B}.Release|x86.Build.0 = Release|Any CPU
		{889CD811-C6EE-4E31-A91E-0044BE2F2530}.Debug|Any CPU.ActiveCfg = Debug|Any CPU
		{889CD811-C6EE-4E31-A91E-0044BE2F2530}.Debug|Any CPU.Build.0 = Debug|Any CPU
		{889CD811-C6EE-4E31-A91E-0044BE2F2530}.Debug|x64.ActiveCfg = Debug|Any CPU
		{889CD811-C6EE-4E31-A91E-0044BE2F2530}.Debug|x64.Build.0 = Debug|Any CPU
		{889CD811-C6EE-4E31-A91E-0044BE2F2530}.Debug|x86.ActiveCfg = Debug|Any CPU
		{889CD811-C6EE-4E31-A91E-0044BE2F2530}.Debug|x86.Build.0 = Debug|Any CPU
		{889CD811-C6EE-4E31-A91E-0044BE2F2530}.Release|Any CPU.ActiveCfg = Release|Any CPU
		{889CD811-C6EE-4E31-A91E-0044BE2F2530}.Release|Any CPU.Build.0 = Release|Any CPU
		{889CD811-C6EE-4E31-A91E-0044BE2F2530}.Release|x64.ActiveCfg = Release|Any CPU
		{889CD811-C6EE-4E31-A91E-0044BE2F2530}.Release|x64.Build.0 = Release|Any CPU
		{889CD811-C6EE-4E31-A91E-0044BE2F2530}.Release|x86.ActiveCfg = Release|Any CPU
		{889CD811-C6EE-4E31-A91E-0044BE2F2530}.Release|x86.Build.0 = Release|Any CPU
		{A66837AB-0DC7-469F-A3F8-667454C6FBF5}.Debug|Any CPU.ActiveCfg = Debug|Any CPU
		{A66837AB-0DC7-469F-A3F8-667454C6FBF5}.Debug|Any CPU.Build.0 = Debug|Any CPU
		{A66837AB-0DC7-469F-A3F8-667454C6FBF5}.Debug|x64.ActiveCfg = Debug|Any CPU
		{A66837AB-0DC7-469F-A3F8-667454C6FBF5}.Debug|x64.Build.0 = Debug|Any CPU
		{A66837AB-0DC7-469F-A3F8-667454C6FBF5}.Debug|x86.ActiveCfg = Debug|Any CPU
		{A66837AB-0DC7-469F-A3F8-667454C6FBF5}.Debug|x86.Build.0 = Debug|Any CPU
		{A66837AB-0DC7-469F-A3F8-667454C6FBF5}.Release|Any CPU.ActiveCfg = Release|Any CPU
		{A66837AB-0DC7-469F-A3F8-667454C6FBF5}.Release|Any CPU.Build.0 = Release|Any CPU
		{A66837AB-0DC7-469F-A3F8-667454C6FBF5}.Release|x64.ActiveCfg = Release|Any CPU
		{A66837AB-0DC7-469F-A3F8-667454C6FBF5}.Release|x64.Build.0 = Release|Any CPU
		{A66837AB-0DC7-469F-A3F8-667454C6FBF5}.Release|x86.ActiveCfg = Release|Any CPU
		{A66837AB-0DC7-469F-A3F8-667454C6FBF5}.Release|x86.Build.0 = Release|Any CPU
		{F81A502D-7E3B-457C-9F29-1265E7A7ADA5}.Debug|Any CPU.ActiveCfg = Debug|Any CPU
		{F81A502D-7E3B-457C-9F29-1265E7A7ADA5}.Debug|Any CPU.Build.0 = Debug|Any CPU
		{F81A502D-7E3B-457C-9F29-1265E7A7ADA5}.Debug|x64.ActiveCfg = Debug|Any CPU
		{F81A502D-7E3B-457C-9F29-1265E7A7ADA5}.Debug|x64.Build.0 = Debug|Any CPU
		{F81A502D-7E3B-457C-9F29-1265E7A7ADA5}.Debug|x86.ActiveCfg = Debug|Any CPU
		{F81A502D-7E3B-457C-9F29-1265E7A7ADA5}.Debug|x86.Build.0 = Debug|Any CPU
		{F81A502D-7E3B-457C-9F29-1265E7A7ADA5}.Release|Any CPU.ActiveCfg = Release|Any CPU
		{F81A502D-7E3B-457C-9F29-1265E7A7ADA5}.Release|Any CPU.Build.0 = Release|Any CPU
		{F81A502D-7E3B-457C-9F29-1265E7A7ADA5}.Release|x64.ActiveCfg = Release|Any CPU
		{F81A502D-7E3B-457C-9F29-1265E7A7ADA5}.Release|x64.Build.0 = Release|Any CPU
		{F81A502D-7E3B-457C-9F29-1265E7A7ADA5}.Release|x86.ActiveCfg = Release|Any CPU
		{F81A502D-7E3B-457C-9F29-1265E7A7ADA5}.Release|x86.Build.0 = Release|Any CPU
		{3A1BF2CF-55D3-4A15-B6CC-AA2006BE1EC2}.Debug|Any CPU.ActiveCfg = Debug|Any CPU
		{3A1BF2CF-55D3-4A15-B6CC-AA2006BE1EC2}.Debug|Any CPU.Build.0 = Debug|Any CPU
		{3A1BF2CF-55D3-4A15-B6CC-AA2006BE1EC2}.Debug|x64.ActiveCfg = Debug|Any CPU
		{3A1BF2CF-55D3-4A15-B6CC-AA2006BE1EC2}.Debug|x64.Build.0 = Debug|Any CPU
		{3A1BF2CF-55D3-4A15-B6CC-AA2006BE1EC2}.Debug|x86.ActiveCfg = Debug|Any CPU
		{3A1BF2CF-55D3-4A15-B6CC-AA2006BE1EC2}.Debug|x86.Build.0 = Debug|Any CPU
		{3A1BF2CF-55D3-4A15-B6CC-AA2006BE1EC2}.Release|Any CPU.ActiveCfg = Release|Any CPU
		{3A1BF2CF-55D3-4A15-B6CC-AA2006BE1EC2}.Release|Any CPU.Build.0 = Release|Any CPU
		{3A1BF2CF-55D3-4A15-B6CC-AA2006BE1EC2}.Release|x64.ActiveCfg = Release|Any CPU
		{3A1BF2CF-55D3-4A15-B6CC-AA2006BE1EC2}.Release|x64.Build.0 = Release|Any CPU
		{3A1BF2CF-55D3-4A15-B6CC-AA2006BE1EC2}.Release|x86.ActiveCfg = Release|Any CPU
		{3A1BF2CF-55D3-4A15-B6CC-AA2006BE1EC2}.Release|x86.Build.0 = Release|Any CPU
		{6F514002-659A-4E90-A131-3DC827D5C94E}.Debug|Any CPU.ActiveCfg = Debug|Any CPU
		{6F514002-659A-4E90-A131-3DC827D5C94E}.Debug|Any CPU.Build.0 = Debug|Any CPU
		{6F514002-659A-4E90-A131-3DC827D5C94E}.Debug|x64.ActiveCfg = Debug|Any CPU
		{6F514002-659A-4E90-A131-3DC827D5C94E}.Debug|x64.Build.0 = Debug|Any CPU
		{6F514002-659A-4E90-A131-3DC827D5C94E}.Debug|x86.ActiveCfg = Debug|Any CPU
		{6F514002-659A-4E90-A131-3DC827D5C94E}.Debug|x86.Build.0 = Debug|Any CPU
		{6F514002-659A-4E90-A131-3DC827D5C94E}.Release|Any CPU.ActiveCfg = Release|Any CPU
		{6F514002-659A-4E90-A131-3DC827D5C94E}.Release|Any CPU.Build.0 = Release|Any CPU
		{6F514002-659A-4E90-A131-3DC827D5C94E}.Release|x64.ActiveCfg = Release|Any CPU
		{6F514002-659A-4E90-A131-3DC827D5C94E}.Release|x64.Build.0 = Release|Any CPU
		{6F514002-659A-4E90-A131-3DC827D5C94E}.Release|x86.ActiveCfg = Release|Any CPU
		{6F514002-659A-4E90-A131-3DC827D5C94E}.Release|x86.Build.0 = Release|Any CPU
		{45008F2E-7C95-488B-BECB-20E94D1FF821}.Debug|Any CPU.ActiveCfg = Debug|Any CPU
		{45008F2E-7C95-488B-BECB-20E94D1FF821}.Debug|Any CPU.Build.0 = Debug|Any CPU
		{45008F2E-7C95-488B-BECB-20E94D1FF821}.Debug|x64.ActiveCfg = Debug|Any CPU
		{45008F2E-7C95-488B-BECB-20E94D1FF821}.Debug|x64.Build.0 = Debug|Any CPU
		{45008F2E-7C95-488B-BECB-20E94D1FF821}.Debug|x86.ActiveCfg = Debug|Any CPU
		{45008F2E-7C95-488B-BECB-20E94D1FF821}.Debug|x86.Build.0 = Debug|Any CPU
		{45008F2E-7C95-488B-BECB-20E94D1FF821}.Release|Any CPU.ActiveCfg = Release|Any CPU
		{45008F2E-7C95-488B-BECB-20E94D1FF821}.Release|Any CPU.Build.0 = Release|Any CPU
		{45008F2E-7C95-488B-BECB-20E94D1FF821}.Release|x64.ActiveCfg = Release|Any CPU
		{45008F2E-7C95-488B-BECB-20E94D1FF821}.Release|x64.Build.0 = Release|Any CPU
		{45008F2E-7C95-488B-BECB-20E94D1FF821}.Release|x86.ActiveCfg = Release|Any CPU
		{45008F2E-7C95-488B-BECB-20E94D1FF821}.Release|x86.Build.0 = Release|Any CPU
	EndGlobalSection
	GlobalSection(SolutionProperties) = preSolution
		HideSolutionNode = FALSE
	EndGlobalSection
EndGlobal
